
Microsoft Visual Studio Solution File, Format Version 12.00
# Visual Studio Version 17
VisualStudioVersion = 17.0.32014.148
MinimumVisualStudioVersion = 10.0.40219.1
Project("{FAE04EC0-301F-11D3-BF4B-00C04F79EFBC}") = "Question_1", "Question_1\Question_1.csproj", "{F90EDC79-E093-4048-8A97-2B3DA506108C}"
EndProject
Project("{FAE04EC0-301F-11D3-BF4B-00C04F79EFBC}") = "Question_2", "Question2\Question_2.csproj", "{BB48EF00-3EC5-4708-A0BF-D25938F475F9}"
EndProject
Project("{FAE04EC0-301F-11D3-BF4B-00C04F79EFBC}") = "Question_3", "Question_3\Question_3.csproj", "{50870523-2905-470C-B9C8-912A2EC18231}"
EndProject
Project("{FAE04EC0-301F-11D3-BF4B-00C04F79EFBC}") = "Question_4", "Question_4\Question_4.csproj", "{DB1B866D-7E08-4289-A9F7-5D213EDB256E}"
EndProject
Project("{FAE04EC0-301F-11D3-BF4B-00C04F79EFBC}") = "Question_5", "Question_5\Question_5.csproj", "{AAC66E76-C2C8-49F6-B3AC-6F0BC95D85B8}"
EndProject
Global
	GlobalSection(SolutionConfigurationPlatforms) = preSolution
		Debug|Any CPU = Debug|Any CPU
		Release|Any CPU = Release|Any CPU
	EndGlobalSection
	GlobalSection(ProjectConfigurationPlatforms) = postSolution
		{F90EDC79-E093-4048-8A97-2B3DA506108C}.Debug|Any CPU.ActiveCfg = Debug|Any CPU
		{F90EDC79-E093-4048-8A97-2B3DA506108C}.Debug|Any CPU.Build.0 = Debug|Any CPU
		{F90EDC79-E093-4048-8A97-2B3DA506108C}.Release|Any CPU.ActiveCfg = Release|Any CPU
		{F90EDC79-E093-4048-8A97-2B3DA506108C}.Release|Any CPU.Build.0 = Release|Any CPU
		{BB48EF00-3EC5-4708-A0BF-D25938F475F9}.Debug|Any CPU.ActiveCfg = Debug|Any CPU
		{BB48EF00-3EC5-4708-A0BF-D25938F475F9}.Debug|Any CPU.Build.0 = Debug|Any CPU
		{BB48EF00-3EC5-4708-A0BF-D25938F475F9}.Release|Any CPU.ActiveCfg = Release|Any CPU
		{BB48EF00-3EC5-4708-A0BF-D25938F475F9}.Release|Any CPU.Build.0 = Release|Any CPU
		{50870523-2905-470C-B9C8-912A2EC18231}.Debug|Any CPU.ActiveCfg = Debug|Any CPU
		{50870523-2905-470C-B9C8-912A2EC18231}.Debug|Any CPU.Build.0 = Debug|Any CPU
		{50870523-2905-470C-B9C8-912A2EC18231}.Release|Any CPU.ActiveCfg = Release|Any CPU
		{50870523-2905-470C-B9C8-912A2EC18231}.Release|Any CPU.Build.0 = Release|Any CPU
		{DB1B866D-7E08-4289-A9F7-5D213EDB256E}.Debug|Any CPU.ActiveCfg = Debug|Any CPU
		{DB1B866D-7E08-4289-A9F7-5D213EDB256E}.Debug|Any CPU.Build.0 = Debug|Any CPU
		{DB1B866D-7E08-4289-A9F7-5D213EDB256E}.Release|Any CPU.ActiveCfg = Release|Any CPU
		{DB1B866D-7E08-4289-A9F7-5D213EDB256E}.Release|Any CPU.Build.0 = Release|Any CPU
		{AAC66E76-C2C8-49F6-B3AC-6F0BC95D85B8}.Debug|Any CPU.ActiveCfg = Debug|Any CPU
		{AAC66E76-C2C8-49F6-B3AC-6F0BC95D85B8}.Debug|Any CPU.Build.0 = Debug|Any CPU
		{AAC66E76-C2C8-49F6-B3AC-6F0BC95D85B8}.Release|Any CPU.ActiveCfg = Release|Any CPU
		{AAC66E76-C2C8-49F6-B3AC-6F0BC95D85B8}.Release|Any CPU.Build.0 = Release|Any CPU
	EndGlobalSection
	GlobalSection(SolutionProperties) = preSolution
		HideSolutionNode = FALSE
	EndGlobalSection
	GlobalSection(ExtensibilityGlobals) = postSolution
		SolutionGuid = {4AE66832-8DC2-44C0-AA67-ADA27256CB45}
	EndGlobalSection
EndGlobal
